
Microsoft Visual Studio Solution File, Format Version 12.00
# Visual Studio Version 17
VisualStudioVersion = 17.11.35312.102
MinimumVisualStudioVersion = 10.0.40219.1
Project("{FAE04EC0-301F-11D3-BF4B-00C04F79EFBC}") = "Proniatask", "Proniatask\Proniatask.csproj", "{DFCB5DAB-DB5C-429F-ADB9-9D47A9784CD2}"
EndProject
Global
	GlobalSection(SolutionConfigurationPlatforms) = preSolution
		Debug|Any CPU = Debug|Any CPU
		Release|Any CPU = Release|Any CPU
	EndGlobalSection
	GlobalSection(ProjectConfigurationPlatforms) = postSolution
		{DFCB5DAB-DB5C-429F-ADB9-9D47A9784CD2}.Debug|Any CPU.ActiveCfg = Debug|Any CPU
		{DFCB5DAB-DB5C-429F-ADB9-9D47A9784CD2}.Debug|Any CPU.Build.0 = Debug|Any CPU
		{DFCB5DAB-DB5C-429F-ADB9-9D47A9784CD2}.Release|Any CPU.ActiveCfg = Release|Any CPU
		{DFCB5DAB-DB5C-429F-ADB9-9D47A9784CD2}.Release|Any CPU.Build.0 = Release|Any CPU
	EndGlobalSection
	GlobalSection(SolutionProperties) = preSolution
		HideSolutionNode = FALSE
	EndGlobalSection
	GlobalSection(ExtensibilityGlobals) = postSolution
		SolutionGuid = {79EB9C2A-796E-4AF5-9B43-A1B462A634A1}
	EndGlobalSection
EndGlobal
